
Microsoft Visual Studio Solution File, Format Version 12.00
# Visual Studio Version 17
VisualStudioVersion = 17.12.35707.178
MinimumVisualStudioVersion = 10.0.40219.1
Project("{FAE04EC0-301F-11D3-BF4B-00C04F79EFBC}") = "Storied.WebAPI", "Storied.WebAPI\Storied.WebAPI.csproj", "{E365657A-FD51-488D-A3B6-F53014B51317}"
EndProject
Project("{2150E333-8FDC-42A3-9474-1A3956D46DE8}") = "Presentation", "Presentation", "{CD3F1D32-AEDD-415D-BE30-F3ABAC153CA6}"
EndProject
Project("{2150E333-8FDC-42A3-9474-1A3956D46DE8}") = "Core", "Core", "{D6DA63B0-E974-4F54-B50B-76D09DC38A4A}"
EndProject
Project("{2150E333-8FDC-42A3-9474-1A3956D46DE8}") = "Infrastructure", "Infrastructure", "{7C71319D-32DB-40E4-BB16-39768455B112}"
EndProject
Project("{2150E333-8FDC-42A3-9474-1A3956D46DE8}") = "Test", "Test", "{CE06CF74-4843-4734-B99C-5BB9A8350287}"
EndProject
Project("{FAE04EC0-301F-11D3-BF4B-00C04F79EFBC}") = "Storied.Application", "Storied.Application\Storied.Application.csproj", "{14E91ABF-29EE-4D12-9FEF-B7EBEC9939BA}"
EndProject
Project("{FAE04EC0-301F-11D3-BF4B-00C04F79EFBC}") = "Storied.Domain", "Storied.Domain\Storied.Domain.csproj", "{816B1B95-1605-4DC6-9F09-3DF1E954F902}"
EndProject
Project("{FAE04EC0-301F-11D3-BF4B-00C04F79EFBC}") = "Storied.Persistence", "Storied.Persistence\Storied.Persistence.csproj", "{5990F56B-C855-4FCB-83D0-C10A137EAB11}"
EndProject
Project("{FAE04EC0-301F-11D3-BF4B-00C04F79EFBC}") = "Storied.Test", "Storied.Test\Storied.Test.csproj", "{0D514EB4-450B-49F8-87C4-3D4E827BBBEE}"
EndProject
Global
	GlobalSection(SolutionConfigurationPlatforms) = preSolution
		Debug|Any CPU = Debug|Any CPU
		Release|Any CPU = Release|Any CPU
	EndGlobalSection
	GlobalSection(ProjectConfigurationPlatforms) = postSolution
		{E365657A-FD51-488D-A3B6-F53014B51317}.Debug|Any CPU.ActiveCfg = Debug|Any CPU
		{E365657A-FD51-488D-A3B6-F53014B51317}.Debug|Any CPU.Build.0 = Debug|Any CPU
		{E365657A-FD51-488D-A3B6-F53014B51317}.Release|Any CPU.ActiveCfg = Release|Any CPU
		{E365657A-FD51-488D-A3B6-F53014B51317}.Release|Any CPU.Build.0 = Release|Any CPU
		{14E91ABF-29EE-4D12-9FEF-B7EBEC9939BA}.Debug|Any CPU.ActiveCfg = Debug|Any CPU
		{14E91ABF-29EE-4D12-9FEF-B7EBEC9939BA}.Debug|Any CPU.Build.0 = Debug|Any CPU
		{14E91ABF-29EE-4D12-9FEF-B7EBEC9939BA}.Release|Any CPU.ActiveCfg = Release|Any CPU
		{14E91ABF-29EE-4D12-9FEF-B7EBEC9939BA}.Release|Any CPU.Build.0 = Release|Any CPU
		{816B1B95-1605-4DC6-9F09-3DF1E954F902}.Debug|Any CPU.ActiveCfg = Debug|Any CPU
		{816B1B95-1605-4DC6-9F09-3DF1E954F902}.Debug|Any CPU.Build.0 = Debug|Any CPU
		{816B1B95-1605-4DC6-9F09-3DF1E954F902}.Release|Any CPU.ActiveCfg = Release|Any CPU
		{816B1B95-1605-4DC6-9F09-3DF1E954F902}.Release|Any CPU.Build.0 = Release|Any CPU
		{5990F56B-C855-4FCB-83D0-C10A137EAB11}.Debug|Any CPU.ActiveCfg = Debug|Any CPU
		{5990F56B-C855-4FCB-83D0-C10A137EAB11}.Debug|Any CPU.Build.0 = Debug|Any CPU
		{5990F56B-C855-4FCB-83D0-C10A137EAB11}.Release|Any CPU.ActiveCfg = Release|Any CPU
		{5990F56B-C855-4FCB-83D0-C10A137EAB11}.Release|Any CPU.Build.0 = Release|Any CPU
		{0D514EB4-450B-49F8-87C4-3D4E827BBBEE}.Debug|Any CPU.ActiveCfg = Debug|Any CPU
		{0D514EB4-450B-49F8-87C4-3D4E827BBBEE}.Debug|Any CPU.Build.0 = Debug|Any CPU
		{0D514EB4-450B-49F8-87C4-3D4E827BBBEE}.Release|Any CPU.ActiveCfg = Release|Any CPU
		{0D514EB4-450B-49F8-87C4-3D4E827BBBEE}.Release|Any CPU.Build.0 = Release|Any CPU
	EndGlobalSection
	GlobalSection(SolutionProperties) = preSolution
		HideSolutionNode = FALSE
	EndGlobalSection
	GlobalSection(NestedProjects) = preSolution
		{E365657A-FD51-488D-A3B6-F53014B51317} = {CD3F1D32-AEDD-415D-BE30-F3ABAC153CA6}
		{14E91ABF-29EE-4D12-9FEF-B7EBEC9939BA} = {D6DA63B0-E974-4F54-B50B-76D09DC38A4A}
		{816B1B95-1605-4DC6-9F09-3DF1E954F902} = {D6DA63B0-E974-4F54-B50B-76D09DC38A4A}
		{5990F56B-C855-4FCB-83D0-C10A137EAB11} = {7C71319D-32DB-40E4-BB16-39768455B112}
		{0D514EB4-450B-49F8-87C4-3D4E827BBBEE} = {CE06CF74-4843-4734-B99C-5BB9A8350287}
	EndGlobalSection
EndGlobal
